
Microsoft Visual Studio Solution File, Format Version 12.00
# Visual Studio 15
VisualStudioVersion = 15.0.27130.2036
MinimumVisualStudioVersion = 10.0.40219.1
Project("{FAE04EC0-301F-11D3-BF4B-00C04F79EFBC}") = "EnvironmentTest", "EnvironmentTest\EnvironmentTest.csproj", "{FD543D9C-0D85-42FB-B486-E6B81F9FA1E5}"
EndProject
Project("{FAE04EC0-301F-11D3-BF4B-00C04F79EFBC}") = "LegacyLibrary", "LegacyLibrary\LegacyLibrary.csproj", "{9C7414B8-8091-410E-8649-B4EC24C0243E}"
EndProject
Global
	GlobalSection(SolutionConfigurationPlatforms) = preSolution
		Debug|Any CPU = Debug|Any CPU
		Release|Any CPU = Release|Any CPU
	EndGlobalSection
	GlobalSection(ProjectConfigurationPlatforms) = postSolution
		{FD543D9C-0D85-42FB-B486-E6B81F9FA1E5}.Debug|Any CPU.ActiveCfg = Debug|Any CPU
		{FD543D9C-0D85-42FB-B486-E6B81F9FA1E5}.Debug|Any CPU.Build.0 = Debug|Any CPU
		{FD543D9C-0D85-42FB-B486-E6B81F9FA1E5}.Release|Any CPU.ActiveCfg = Release|Any CPU
		{FD543D9C-0D85-42FB-B486-E6B81F9FA1E5}.Release|Any CPU.Build.0 = Release|Any CPU
		{9C7414B8-8091-410E-8649-B4EC24C0243E}.Debug|Any CPU.ActiveCfg = Debug|Any CPU
		{9C7414B8-8091-410E-8649-B4EC24C0243E}.Debug|Any CPU.Build.0 = Debug|Any CPU
		{9C7414B8-8091-410E-8649-B4EC24C0243E}.Release|Any CPU.ActiveCfg = Release|Any CPU
		{9C7414B8-8091-410E-8649-B4EC24C0243E}.Release|Any CPU.Build.0 = Release|Any CPU
	EndGlobalSection
	GlobalSection(SolutionProperties) = preSolution
		HideSolutionNode = FALSE
	EndGlobalSection
	GlobalSection(ExtensibilityGlobals) = postSolution
		SolutionGuid = {74B2B139-B5E2-4168-8E1C-DA5E654906CB}
	EndGlobalSection
EndGlobal
